
Microsoft Visual Studio Solution File, Format Version 12.00
# Visual Studio Version 17
VisualStudioVersion = 17.9.34321.82
MinimumVisualStudioVersion = 10.0.40219.1
Project("{9A19103F-16F7-4668-BE54-9A1E7A4F7556}") = "Api", "Api\Api.csproj", "{EFA580C6-AE42-4CF8-AE2D-372922C110BA}"
EndProject
Project("{2150E333-8FDC-42A3-9474-1A3956D46DE8}") = "Other stuff", "Other stuff", "{A45B49C1-A465-4745-9D94-D440576BE8E4}"
	ProjectSection(SolutionItems) = preProject
		Aspire.md = Aspire.md
	EndProjectSection
EndProject
Project("{FAE04EC0-301F-11D3-BF4B-00C04F79EFBC}") = "Dotnet8.AppHost", "Dotnet8.AppHost\Dotnet8.AppHost.csproj", "{16684CA4-6D6A-4DDD-A487-A642CA5E7E09}"
EndProject
Project("{9A19103F-16F7-4668-BE54-9A1E7A4F7556}") = "Dotnet8.ServiceDefaults", "Dotnet8.ServiceDefaults\Dotnet8.ServiceDefaults.csproj", "{0BC42B5F-F018-44DD-B741-1D0A9AC94BEA}"
EndProject
Project("{9A19103F-16F7-4668-BE54-9A1E7A4F7556}") = "Frontend", "Frontend\Frontend\Frontend.csproj", "{CD27FE95-E075-449A-BD89-A2F0AEDDA89D}"
EndProject
Project("{9A19103F-16F7-4668-BE54-9A1E7A4F7556}") = "Frontend.Client", "Frontend\Frontend.Client\Frontend.Client.csproj", "{76E69B52-8368-4FF5-9ACC-5A58D5256B22}"
EndProject
Global
	GlobalSection(SolutionConfigurationPlatforms) = preSolution
		Debug|Any CPU = Debug|Any CPU
		Release|Any CPU = Release|Any CPU
	EndGlobalSection
	GlobalSection(ProjectConfigurationPlatforms) = postSolution
		{EFA580C6-AE42-4CF8-AE2D-372922C110BA}.Debug|Any CPU.ActiveCfg = Debug|Any CPU
		{EFA580C6-AE42-4CF8-AE2D-372922C110BA}.Debug|Any CPU.Build.0 = Debug|Any CPU
		{EFA580C6-AE42-4CF8-AE2D-372922C110BA}.Release|Any CPU.ActiveCfg = Release|Any CPU
		{EFA580C6-AE42-4CF8-AE2D-372922C110BA}.Release|Any CPU.Build.0 = Release|Any CPU
		{16684CA4-6D6A-4DDD-A487-A642CA5E7E09}.Debug|Any CPU.ActiveCfg = Debug|Any CPU
		{16684CA4-6D6A-4DDD-A487-A642CA5E7E09}.Debug|Any CPU.Build.0 = Debug|Any CPU
		{16684CA4-6D6A-4DDD-A487-A642CA5E7E09}.Release|Any CPU.ActiveCfg = Release|Any CPU
		{16684CA4-6D6A-4DDD-A487-A642CA5E7E09}.Release|Any CPU.Build.0 = Release|Any CPU
		{0BC42B5F-F018-44DD-B741-1D0A9AC94BEA}.Debug|Any CPU.ActiveCfg = Debug|Any CPU
		{0BC42B5F-F018-44DD-B741-1D0A9AC94BEA}.Debug|Any CPU.Build.0 = Debug|Any CPU
		{0BC42B5F-F018-44DD-B741-1D0A9AC94BEA}.Release|Any CPU.ActiveCfg = Release|Any CPU
		{0BC42B5F-F018-44DD-B741-1D0A9AC94BEA}.Release|Any CPU.Build.0 = Release|Any CPU
		{CD27FE95-E075-449A-BD89-A2F0AEDDA89D}.Debug|Any CPU.ActiveCfg = Debug|Any CPU
		{CD27FE95-E075-449A-BD89-A2F0AEDDA89D}.Debug|Any CPU.Build.0 = Debug|Any CPU
		{CD27FE95-E075-449A-BD89-A2F0AEDDA89D}.Release|Any CPU.ActiveCfg = Release|Any CPU
		{CD27FE95-E075-449A-BD89-A2F0AEDDA89D}.Release|Any CPU.Build.0 = Release|Any CPU
		{76E69B52-8368-4FF5-9ACC-5A58D5256B22}.Debug|Any CPU.ActiveCfg = Debug|Any CPU
		{76E69B52-8368-4FF5-9ACC-5A58D5256B22}.Debug|Any CPU.Build.0 = Debug|Any CPU
		{76E69B52-8368-4FF5-9ACC-5A58D5256B22}.Release|Any CPU.ActiveCfg = Release|Any CPU
		{76E69B52-8368-4FF5-9ACC-5A58D5256B22}.Release|Any CPU.Build.0 = Release|Any CPU
	EndGlobalSection
	GlobalSection(SolutionProperties) = preSolution
		HideSolutionNode = FALSE
	EndGlobalSection
	GlobalSection(ExtensibilityGlobals) = postSolution
		SolutionGuid = {2549DB64-3E95-4416-821B-6994397818E0}
	EndGlobalSection
EndGlobal
